# Generated by buf. DO NOT EDIT.
version: v1
deps:
  - remote: buf.build
    owner: cosmos
    repository: cosmos-proto
    commit: 1935555c206d4afb9e94615dfd0fad31
    digest: shake256:c74d91a3ac7ae07d579e90eee33abf9b29664047ac8816500cf22c081fec0d72d62c89ce0bebafc1f6fec7aa5315be72606717740ca95007248425102c365377
  - remote: buf.build
    owner: cosmos
    repository: cosmos-sdk
    commit: 7ea623782a4d4f11b35627913a7bc481
    digest: shake256:505de30c798952d2572c5eb6d34f929a8ca8ecb4c4741b1f54aca5d4d7f2c03f7f7f0655258d1bd4bb7b301c7f60a90724e2cb45064c63b6a99347bbcb8e02c6
  - remote: buf.build
    owner: cosmos
    repository: gogo-proto
    commit: 34d970b699f84aa382f3c29773a60836
    digest: shake256:3d3bee5229ba579e7d19ffe6e140986a228b48a8c7fe74348f308537ab95e9135210e81812489d42cd8941d33ff71f11583174ccc5972e86e6112924b6ce9f04
  - remote: buf.build
    owner: cosmos
    repository: ics23
    commit: 55085f7c710a45f58fa09947208eb70b
    digest: shake256:9bf0bc495b5a11c88d163d39ef521bc4b00bc1374a05758c91d82821bdc61f09e8c2c51dda8452529bf80137f34d852561eacbe9550a59015d51cecb0dacb628
  - remote: buf.build
    owner: dreamer
    repository: service
    commit: 8741a898840f47a9b4822c90344f06ae
    digest: shake256:7f03d8d902ed8496778c5fd4b35d47560c569800e76876b9ed3ec531d7ba894dea70bea918c4a91a984243978488f098946eafa86e757e4b2560192f078d9f33
  - remote: buf.build
    owner: googleapis
    repository: googleapis
    commit: 8d7204855ec14631a499bd7393ce1970
    digest: shake256:40bf4112960cad01281930beed85829910768e32e80e986791596853eccd42c0cbd9d96690b918f658020d2d427e16f8b6514e2ac7f4a10306fd32e77be44329
